PODS:
  - iMessageDataKit (0.1.0)
  - SSSpinnerButton (2.0.1)

DEPENDENCIES:
  - iMessageDataKit
  - SSSpinnerButton

SPEC REPOS:
  https://github.com/CocoaPods/Specs.git:
    - iMessageDataKit
    - SSSpinnerButton

SPEC CHECKSUMS:
  iMessageDataKit: dda0d8a248828dcd6561a2fad214ef24922717f4
  SSSpinnerButton: d19a72144c7241f4c65f25b2debe1bb9e8274acc

PODFILE CHECKSUM: a1dd95e40ea0d7990b9fc7131f280121a395b002

COCOAPODS: 1.8.4
